
Microsoft Visual Studio Solution File, Format Version 12.00
Project("{2150E333-8FDC-42A3-9474-1A3956D46DE8}") = "src", "src", "{195E94D0-8255-41A2-8983-A1641098D25F}"
EndProject
Project("{2150E333-8FDC-42A3-9474-1A3956D46DE8}") = "test", "test", "{EA690D04-0BB3-4AA7-AA6A-7F71A482C678}"
EndProject
Project("{FAE04EC0-301F-11D3-BF4B-00C04F79EFBC}") = "Ingos.SwaggerPortal.Tests", "test\Ingos.SwaggerPortal.Tests\Ingos.SwaggerPortal.Tests.csproj", "{B12C0963-E65F-4E83-A5AB-D4AD16CF74B8}"
EndProject
Project("{FAE04EC0-301F-11D3-BF4B-00C04F79EFBC}") = "Ingos.SwaggerPortal.API", "src\Ingos.SwaggerPortal.API\Ingos.SwaggerPortal.API.csproj", "{745815C9-67B1-4DCE-B191-67DF51F49B4A}"
EndProject
Global
	GlobalSection(SolutionConfigurationPlatforms) = preSolution
		Debug|Any CPU = Debug|Any CPU
		Release|Any CPU = Release|Any CPU
	EndGlobalSection
	GlobalSection(ProjectConfigurationPlatforms) = postSolution
		{B12C0963-E65F-4E83-A5AB-D4AD16CF74B8}.Debug|Any CPU.ActiveCfg = Debug|Any CPU
		{B12C0963-E65F-4E83-A5AB-D4AD16CF74B8}.Debug|Any CPU.Build.0 = Debug|Any CPU
		{B12C0963-E65F-4E83-A5AB-D4AD16CF74B8}.Release|Any CPU.ActiveCfg = Release|Any CPU
		{B12C0963-E65F-4E83-A5AB-D4AD16CF74B8}.Release|Any CPU.Build.0 = Release|Any CPU
		{745815C9-67B1-4DCE-B191-67DF51F49B4A}.Debug|Any CPU.ActiveCfg = Debug|Any CPU
		{745815C9-67B1-4DCE-B191-67DF51F49B4A}.Debug|Any CPU.Build.0 = Debug|Any CPU
		{745815C9-67B1-4DCE-B191-67DF51F49B4A}.Release|Any CPU.ActiveCfg = Release|Any CPU
		{745815C9-67B1-4DCE-B191-67DF51F49B4A}.Release|Any CPU.Build.0 = Release|Any CPU
	EndGlobalSection
	GlobalSection(NestedProjects) = preSolution
		{B12C0963-E65F-4E83-A5AB-D4AD16CF74B8} = {EA690D04-0BB3-4AA7-AA6A-7F71A482C678}
		{745815C9-67B1-4DCE-B191-67DF51F49B4A} = {195E94D0-8255-41A2-8983-A1641098D25F}
	EndGlobalSection
EndGlobal
